
Microsoft Visual Studio Solution File, Format Version 12.00
# Visual Studio Version 17
VisualStudioVersion = 17.13.35806.99
MinimumVisualStudioVersion = 10.0.40219.1
Project("{FAE04EC0-301F-11D3-BF4B-00C04F79EFBC}") = "TaskRunnerSharp", "src\TaskRunnerSharp.csproj", "{874068F8-11B5-58D0-9348-F08817BEEA81}"
EndProject
Project("{FAE04EC0-301F-11D3-BF4B-00C04F79EFBC}") = "TaskRunnerSharp.Tests", "tests\TaskRunnerSharp.Tests\TaskRunnerSharp.Tests.csproj", "{D7051E94-10C5-4BE9-902F-24D917BD84FF}"
EndProject
Global
	GlobalSection(SolutionConfigurationPlatforms) = preSolution
		Debug|Any CPU = Debug|Any CPU
		Release|Any CPU = Release|Any CPU
	EndGlobalSection
	GlobalSection(ProjectConfigurationPlatforms) = postSolution
		{874068F8-11B5-58D0-9348-F08817BEEA81}.Debug|Any CPU.ActiveCfg = Debug|Any CPU
		{874068F8-11B5-58D0-9348-F08817BEEA81}.Debug|Any CPU.Build.0 = Debug|Any CPU
		{874068F8-11B5-58D0-9348-F08817BEEA81}.Release|Any CPU.ActiveCfg = Release|Any CPU
		{874068F8-11B5-58D0-9348-F08817BEEA81}.Release|Any CPU.Build.0 = Release|Any CPU
		{D7051E94-10C5-4BE9-902F-24D917BD84FF}.Debug|Any CPU.ActiveCfg = Debug|Any CPU
		{D7051E94-10C5-4BE9-902F-24D917BD84FF}.Debug|Any CPU.Build.0 = Debug|Any CPU
		{D7051E94-10C5-4BE9-902F-24D917BD84FF}.Release|Any CPU.ActiveCfg = Release|Any CPU
		{D7051E94-10C5-4BE9-902F-24D917BD84FF}.Release|Any CPU.Build.0 = Release|Any CPU
	EndGlobalSection
	GlobalSection(SolutionProperties) = preSolution
		HideSolutionNode = FALSE
	EndGlobalSection
	GlobalSection(ExtensibilityGlobals) = postSolution
		SolutionGuid = {77E9B296-D397-4316-8F08-1FA219366536}
	EndGlobalSection
EndGlobal
